
Microsoft Visual Studio Solution File, Format Version 12.00
# Visual Studio Version 17
VisualStudioVersion = 17.7.34024.191
MinimumVisualStudioVersion = 10.0.40219.1
Project("{FAE04EC0-301F-11D3-BF4B-00C04F79EFBC}") = "DZ_26_02_2014", "DZ_26_02_2014\DZ_26_02_2014.csproj", "{8321DE0D-BF2B-4324-A640-7CF78A1B14DA}"
EndProject
Global
	GlobalSection(SolutionConfigurationPlatforms) = preSolution
		Debug|Any CPU = Debug|Any CPU
		Release|Any CPU = Release|Any CPU
	EndGlobalSection
	GlobalSection(ProjectConfigurationPlatforms) = postSolution
		{8321DE0D-BF2B-4324-A640-7CF78A1B14DA}.Debug|Any CPU.ActiveCfg = Debug|Any CPU
		{8321DE0D-BF2B-4324-A640-7CF78A1B14DA}.Debug|Any CPU.Build.0 = Debug|Any CPU
		{8321DE0D-BF2B-4324-A640-7CF78A1B14DA}.Release|Any CPU.ActiveCfg = Release|Any CPU
		{8321DE0D-BF2B-4324-A640-7CF78A1B14DA}.Release|Any CPU.Build.0 = Release|Any CPU
	EndGlobalSection
	GlobalSection(SolutionProperties) = preSolution
		HideSolutionNode = FALSE
	EndGlobalSection
	GlobalSection(ExtensibilityGlobals) = postSolution
		SolutionGuid = {703F7BAA-BBB1-4797-9A91-94CF5A85BFB0}
	EndGlobalSection
EndGlobal
